
Microsoft Visual Studio Solution File, Format Version 12.00
# Visual Studio Version 17
VisualStudioVersion = 17.11.35327.3
MinimumVisualStudioVersion = 10.0.40219.1
Project("{FAE04EC0-301F-11D3-BF4B-00C04F79EFBC}") = "SistemaAlarmaMovil", "SistemaAlarmaMovil\SistemaAlarmaMovil.csproj", "{B1E73EAF-5E81-453A-9CD8-9647B175F01E}"
EndProject
Global
	GlobalSection(SolutionConfigurationPlatforms) = preSolution
		Debug|Any CPU = Debug|Any CPU
		Release|Any CPU = Release|Any CPU
	EndGlobalSection
	GlobalSection(ProjectConfigurationPlatforms) = postSolution
		{B1E73EAF-5E81-453A-9CD8-9647B175F01E}.Debug|Any CPU.ActiveCfg = Debug|Any CPU
		{B1E73EAF-5E81-453A-9CD8-9647B175F01E}.Debug|Any CPU.Build.0 = Debug|Any CPU
		{B1E73EAF-5E81-453A-9CD8-9647B175F01E}.Debug|Any CPU.Deploy.0 = Debug|Any CPU
		{B1E73EAF-5E81-453A-9CD8-9647B175F01E}.Release|Any CPU.ActiveCfg = Release|Any CPU
		{B1E73EAF-5E81-453A-9CD8-9647B175F01E}.Release|Any CPU.Build.0 = Release|Any CPU
		{B1E73EAF-5E81-453A-9CD8-9647B175F01E}.Release|Any CPU.Deploy.0 = Release|Any CPU
	EndGlobalSection
	GlobalSection(SolutionProperties) = preSolution
		HideSolutionNode = FALSE
	EndGlobalSection
	GlobalSection(ExtensibilityGlobals) = postSolution
		SolutionGuid = {C9657F13-BAAF-4D60-825B-3C0B97C97615}
	EndGlobalSection
EndGlobal
